// !$*UTF8*$!
{
	archiveVersion = 1;
	classes = {
	};
	objectVersion = 55;
	objects = {

/* Begin PBXBuildFile section */
		0B69E39E280B2B1000BD455B /* TopPlayersViewController.swift in Sources */ = {isa = PBXBuildFile; fileRef = 0B69E39D280B2B1000BD455B /* TopPlayersViewController.swift */; };
		0BDE48152809E1D7000632E6 /* explosion8.mp3 in Resources */ = {isa = PBXBuildFile; fileRef = 0BDE480B2809E1D7000632E6 /* explosion8.mp3 */; };
		0BDE48162809E1D7000632E6 /* explosion3.mp3 in Resources */ = {isa = PBXBuildFile; fileRef = 0BDE480C2809E1D7000632E6 /* explosion3.mp3 */; };
		0BDE48172809E1D7000632E6 /* explosion4.mp3 in Resources */ = {isa = PBXBuildFile; fileRef = 0BDE480D2809E1D7000632E6 /* explosion4.mp3 */; };
		0BDE48182809E1D7000632E6 /* explosion9.mp3 in Resources */ = {isa = PBXBuildFile; fileRef = 0BDE480E2809E1D7000632E6 /* explosion9.mp3 */; };
		0BDE48192809E1D7000632E6 /* explosion10.mp3 in Resources */ = {isa = PBXBuildFile; fileRef = 0BDE480F2809E1D7000632E6 /* explosion10.mp3 */; };
		0BDE481A2809E1D7000632E6 /* explosion2.mp3 in Resources */ = {isa = PBXBuildFile; fileRef = 0BDE48102809E1D7000632E6 /* explosion2.mp3 */; };
		0BDE481B2809E1D7000632E6 /* explosion1.mp3 in Resources */ = {isa = PBXBuildFile; fileRef = 0BDE48112809E1D7000632E6 /* explosion1.mp3 */; };
		0BDE481C2809E1D7000632E6 /* explosion5.mp3 in Resources */ = {isa = PBXBuildFile; fileRef = 0BDE48122809E1D7000632E6 /* explosion5.mp3 */; };
		0BDE481D2809E1D7000632E6 /* explosion7.mp3 in Resources */ = {isa = PBXBuildFile; fileRef = 0BDE48132809E1D7000632E6 /* explosion7.mp3 */; };
		0BDE481E2809E1D7000632E6 /* explosion6.mp3 in Resources */ = {isa = PBXBuildFile; fileRef = 0BDE48142809E1D7000632E6 /* explosion6.mp3 */; };
		0BDE48232809E400000632E6 /* splash1.mp3 in Resources */ = {isa = PBXBuildFile; fileRef = 0BDE481F2809E400000632E6 /* splash1.mp3 */; };
		0BDE48242809E400000632E6 /* splash3.mp3 in Resources */ = {isa = PBXBuildFile; fileRef = 0BDE48202809E400000632E6 /* splash3.mp3 */; };
		0BDE48252809E400000632E6 /* splash2.mp3 in Resources */ = {isa = PBXBuildFile; fileRef = 0BDE48212809E400000632E6 /* splash2.mp3 */; };
		0BDE48262809E400000632E6 /* splash4.mp3 in Resources */ = {isa = PBXBuildFile; fileRef = 0BDE48222809E400000632E6 /* splash4.mp3 */; };
		373F285E2809F7DD00F4A083 /* LoginViewController.swift in Sources */ = {isa = PBXBuildFile; fileRef = 373F285D2809F7DD00F4A083 /* LoginViewController.swift */; };
		373F2865280A1FDC00F4A083 /* SignUpViewController.swift in Sources */ = {isa = PBXBuildFile; fileRef = 373F2864280A1FDC00F4A083 /* SignUpViewController.swift */; };
		373F286C280A284200F4A083 /* GoogleService-Info.plist in Resources */ = {isa = PBXBuildFile; fileRef = 373F286B280A284200F4A083 /* GoogleService-Info.plist */; };
		FB528216280946CB0036A6C5 /* AppDelegate.swift in Sources */ = {isa = PBXBuildFile; fileRef = FB528215280946CB0036A6C5 /* AppDelegate.swift */; };
		FB528218280946CB0036A6C5 /* SceneDelegate.swift in Sources */ = {isa = PBXBuildFile; fileRef = FB528217280946CB0036A6C5 /* SceneDelegate.swift */; };
		FB52821A280946CB0036A6C5 /* ViewController.swift in Sources */ = {isa = PBXBuildFile; fileRef = FB528219280946CB0036A6C5 /* ViewController.swift */; };
		FB52821D280946CB0036A6C5 /* Main.storyboard in Resources */ = {isa = PBXBuildFile; fileRef = FB52821B280946CB0036A6C5 /* Main.storyboard */; };
		FB52821F280946CC0036A6C5 /* Assets.xcassets in Resources */ = {isa = PBXBuildFile; fileRef = FB52821E280946CC0036A6C5 /* Assets.xcassets */; };
		FB528222280946CC0036A6C5 /* LaunchScreen.storyboard in Resources */ = {isa = PBXBuildFile; fileRef = FB528220280946CC0036A6C5 /* LaunchScreen.storyboard */; };
		FB52822A280B20F60036A6C5 /* BattleThemeIVLooping.mp3 in Resources */ = {isa = PBXBuildFile; fileRef = FB528229280B20F60036A6C5 /* BattleThemeIVLooping.mp3 */; };
		FB52822D280B39110036A6C5 /* FirebaseAuth in Frameworks */ = {isa = PBXBuildFile; productRef = FB52822C280B39110036A6C5 /* FirebaseAuth */; };
		FB52822F280B391E0036A6C5 /* FirebaseDatabase in Frameworks */ = {isa = PBXBuildFile; productRef = FB52822E280B391E0036A6C5 /* FirebaseDatabase */; };
/* End PBXBuildFile section */

/* Begin PBXFileReference section */
		0B69E39D280B2B1000BD455B /* TopPlayersViewController.swift */ = {isa = PBXFileReference; lastKnownFileType = sourcecode.swift; path = TopPlayersViewController.swift; sourceTree = "<group>"; };
		0BDE480B2809E1D7000632E6 /* explosion8.mp3 */ = {isa = PBXFileReference; lastKnownFileType = audio.mp3; path = explosion8.mp3; sourceTree = "<group>"; };
		0BDE480C2809E1D7000632E6 /* explosion3.mp3 */ = {isa = PBXFileReference; lastKnownFileType = audio.mp3; path = explosion3.mp3; sourceTree = "<group>"; };
		0BDE480D2809E1D7000632E6 /* explosion4.mp3 */ = {isa = PBXFileReference; lastKnownFileType = audio.mp3; path = explosion4.mp3; sourceTree = "<group>"; };
		0BDE480E2809E1D7000632E6 /* explosion9.mp3 */ = {isa = PBXFileReference; lastKnownFileType = audio.mp3; path = explosion9.mp3; sourceTree = "<group>"; };
		0BDE480F2809E1D7000632E6 /* explosion10.mp3 */ = {isa = PBXFileReference; lastKnownFileType = audio.mp3; path = explosion10.mp3; sourceTree = "<group>"; };
		0BDE48102809E1D7000632E6 /* explosion2.mp3 */ = {isa = PBXFileReference; lastKnownFileType = audio.mp3; path = explosion2.mp3; sourceTree = "<group>"; };
		0BDE48112809E1D7000632E6 /* explosion1.mp3 */ = {isa = PBXFileReference; lastKnownFileType = audio.mp3; path = explosion1.mp3; sourceTree = "<group>"; };
		0BDE48122809E1D7000632E6 /* explosion5.mp3 */ = {isa = PBXFileReference; lastKnownFileType = audio.mp3; path = explosion5.mp3; sourceTree = "<group>"; };
		0BDE48132809E1D7000632E6 /* explosion7.mp3 */ = {isa = PBXFileReference; lastKnownFileType = audio.mp3; path = explosion7.mp3; sourceTree = "<group>"; };
		0BDE48142809E1D7000632E6 /* explosion6.mp3 */ = {isa = PBXFileReference; lastKnownFileType = audio.mp3; path = explosion6.mp3; sourceTree = "<group>"; };
		0BDE481F2809E400000632E6 /* splash1.mp3 */ = {isa = PBXFileReference; lastKnownFileType = audio.mp3; path = splash1.mp3; sourceTree = "<group>"; };
		0BDE48202809E400000632E6 /* splash3.mp3 */ = {isa = PBXFileReference; lastKnownFileType = audio.mp3; path = splash3.mp3; sourceTree = "<group>"; };
		0BDE48212809E400000632E6 /* splash2.mp3 */ = {isa = PBXFileReference; lastKnownFileType = audio.mp3; path = splash2.mp3; sourceTree = "<group>"; };
		0BDE48222809E400000632E6 /* splash4.mp3 */ = {isa = PBXFileReference; lastKnownFileType = audio.mp3; path = splash4.mp3; sourceTree = "<group>"; };
		373F285D2809F7DD00F4A083 /* LoginViewController.swift */ = {isa = PBXFileReference; lastKnownFileType = sourcecode.swift; path = LoginViewController.swift; sourceTree = "<group>"; };
		373F2864280A1FDC00F4A083 /* SignUpViewController.swift */ = {isa = PBXFileReference; lastKnownFileType = sourcecode.swift; path = SignUpViewController.swift; sourceTree = "<group>"; };
		373F286B280A284200F4A083 /* GoogleService-Info.plist */ = {isa = PBXFileReference; fileEncoding = 4; lastKnownFileType = text.plist.xml; name = "GoogleService-Info.plist"; path = "../../GoogleService-Info.plist"; sourceTree = "<group>"; };
		FB528212280946CB0036A6C5 /* Battle Ship.app */ = {isa = PBXFileReference; explicitFileType = wrapper.application; includeInIndex = 0; path = "Battle Ship.app"; sourceTree = BUILT_PRODUCTS_DIR; };
		FB528215280946CB0036A6C5 /* AppDelegate.swift */ = {isa = PBXFileReference; lastKnownFileType = sourcecode.swift; path = AppDelegate.swift; sourceTree = "<group>"; };
		FB528217280946CB0036A6C5 /* SceneDelegate.swift */ = {isa = PBXFileReference; lastKnownFileType = sourcecode.swift; path = SceneDelegate.swift; sourceTree = "<group>"; };
		FB528219280946CB0036A6C5 /* ViewController.swift */ = {isa = PBXFileReference; lastKnownFileType = sourcecode.swift; path = ViewController.swift; sourceTree = "<group>"; };
		FB52821C280946CB0036A6C5 /* Base */ = {isa = PBXFileReference; lastKnownFileType = file.storyboard; name = Base; path = Base.lproj/Main.storyboard; sourceTree = "<group>"; };
		FB52821E280946CC0036A6C5 /* Assets.xcassets */ = {isa = PBXFileReference; lastKnownFileType = folder.assetcatalog; path = Assets.xcassets; sourceTree = "<group>"; };
		FB528221280946CC0036A6C5 /* Base */ = {isa = PBXFileReference; lastKnownFileType = file.storyboard; name = Base; path = Base.lproj/LaunchScreen.storyboard; sourceTree = "<group>"; };
		FB528223280946CC0036A6C5 /* Info.plist */ = {isa = PBXFileReference; lastKnownFileType = text.plist.xml; path = Info.plist; sourceTree = "<group>"; };
		FB528229280B20F60036A6C5 /* BattleThemeIVLooping.mp3 */ = {isa = PBXFileReference; lastKnownFileType = audio.mp3; path = BattleThemeIVLooping.mp3; sourceTree = "<group>"; };
/* End PBXFileReference section */

/* Begin PBXFrameworksBuildPhase section */
		FB52820F280946CB0036A6C5 /* Frameworks */ = {
			isa = PBXFrameworksBuildPhase;
			buildActionMask = 2147483647;
			files = (
				FB52822F280B391E0036A6C5 /* FirebaseDatabase in Frameworks */,
				FB52822D280B39110036A6C5 /* FirebaseAuth in Frameworks */,
			);
			runOnlyForDeploymentPostprocessing = 0;
		};
/* End PBXFrameworksBuildPhase section */

/* Begin PBXGroup section */
		0BDE480A2809E18F000632E6 /* Sounds */ = {
			isa = PBXGroup;
			children = (
				0BDE481F2809E400000632E6 /* splash1.mp3 */,
				0BDE48212809E400000632E6 /* splash2.mp3 */,
				FB528229280B20F60036A6C5 /* BattleThemeIVLooping.mp3 */,
				0BDE48202809E400000632E6 /* splash3.mp3 */,
				0BDE48222809E400000632E6 /* splash4.mp3 */,
				0BDE48112809E1D7000632E6 /* explosion1.mp3 */,
				0BDE48102809E1D7000632E6 /* explosion2.mp3 */,
				0BDE480C2809E1D7000632E6 /* explosion3.mp3 */,
				0BDE480D2809E1D7000632E6 /* explosion4.mp3 */,
				0BDE48122809E1D7000632E6 /* explosion5.mp3 */,
				0BDE48142809E1D7000632E6 /* explosion6.mp3 */,
				0BDE48132809E1D7000632E6 /* explosion7.mp3 */,
				0BDE480B2809E1D7000632E6 /* explosion8.mp3 */,
				0BDE480E2809E1D7000632E6 /* explosion9.mp3 */,
				0BDE480F2809E1D7000632E6 /* explosion10.mp3 */,
			);
			path = Sounds;
			sourceTree = "<group>";
		};
		FB528209280946CB0036A6C5 = {
			isa = PBXGroup;
			children = (
				FB528214280946CB0036A6C5 /* Battle Ship */,
				FB528213280946CB0036A6C5 /* Products */,
				FB52822B280B39110036A6C5 /* Frameworks */,
			);
			sourceTree = "<group>";
		};
		FB528213280946CB0036A6C5 /* Products */ = {
			isa = PBXGroup;
			children = (
				FB528212280946CB0036A6C5 /* Battle Ship.app */,
			);
			name = Products;
			sourceTree = "<group>";
		};
		FB528214280946CB0036A6C5 /* Battle Ship */ = {
			isa = PBXGroup;
			children = (
				373F286B280A284200F4A083 /* GoogleService-Info.plist */,
				0BDE480A2809E18F000632E6 /* Sounds */,
				FB528215280946CB0036A6C5 /* AppDelegate.swift */,
				FB528217280946CB0036A6C5 /* SceneDelegate.swift */,
				FB528219280946CB0036A6C5 /* ViewController.swift */,
				373F285D2809F7DD00F4A083 /* LoginViewController.swift */,
				FB52821B280946CB0036A6C5 /* Main.storyboard */,
				373F2864280A1FDC00F4A083 /* SignUpViewController.swift */,
				FB52821E280946CC0036A6C5 /* Assets.xcassets */,
				FB528220280946CC0036A6C5 /* LaunchScreen.storyboard */,
				FB528223280946CC0036A6C5 /* Info.plist */,
				0B69E39D280B2B1000BD455B /* TopPlayersViewController.swift */,
			);
			path = "Battle Ship";
			sourceTree = "<group>";
		};
		FB52822B280B39110036A6C5 /* Frameworks */ = {
			isa = PBXGroup;
			children = (
			);
			name = Frameworks;
			sourceTree = "<group>";
		};
/* End PBXGroup section */

/* Begin PBXNativeTarget section */
		FB528211280946CB0036A6C5 /* Battle Ship */ = {
			isa = PBXNativeTarget;
			buildConfigurationList = FB528226280946CC0036A6C5 /* Build configuration list for PBXNativeTarget "Battle Ship" */;
			buildPhases = (
				FB52820E280946CB0036A6C5 /* Sources */,
				FB52820F280946CB0036A6C5 /* Frameworks */,
				FB528210280946CB0036A6C5 /* Resources */,
			);
			buildRules = (
			);
			dependencies = (
			);
			name = "Battle Ship";
			packageProductDependencies = (
				FB52822C280B39110036A6C5 /* FirebaseAuth */,
				FB52822E280B391E0036A6C5 /* FirebaseDatabase */,
			);
			productName = "Battle Ship";
			productReference = FB528212280946CB0036A6C5 /* Battle Ship.app */;
			productType = "com.apple.product-type.application";
		};
/* End PBXNativeTarget section */

/* Begin PBXProject section */
		FB52820A280946CB0036A6C5 /* Project object */ = {
			isa = PBXProject;
			attributes = {
				BuildIndependentTargetsInParallel = 1;
				LastSwiftUpdateCheck = 1320;
				LastUpgradeCheck = 1320;
				TargetAttributes = {
					FB528211280946CB0036A6C5 = {
						CreatedOnToolsVersion = 13.2.1;
					};
				};
			};
			buildConfigurationList = FB52820D280946CB0036A6C5 /* Build configuration list for PBXProject "Battle Ship" */;
			compatibilityVersion = "Xcode 13.0";
			developmentRegion = en;
			hasScannedForEncodings = 0;
			knownRegions = (
				en,
				Base,
			);
			mainGroup = FB528209280946CB0036A6C5;
			packageReferences = (
				373F2861280A093E00F4A083 /* XCRemoteSwiftPackageReference "firebase-ios-sdk" */,
			);
			productRefGroup = FB528213280946CB0036A6C5 /* Products */;
			projectDirPath = "";
			projectRoot = "";
			targets = (
				FB528211280946CB0036A6C5 /* Battle Ship */,
			);
		};
/* End PBXProject section */

/* Begin PBXResourcesBuildPhase section */
		FB528210280946CB0036A6C5 /* Resources */ = {
			isa = PBXResourcesBuildPhase;
			buildActionMask = 2147483647;
			files = (
				0BDE48242809E400000632E6 /* splash3.mp3 in Resources */,
				FB528222280946CC0036A6C5 /* LaunchScreen.storyboard in Resources */,
				373F286C280A284200F4A083 /* GoogleService-Info.plist in Resources */,
				0BDE481A2809E1D7000632E6 /* explosion2.mp3 in Resources */,
				0BDE48152809E1D7000632E6 /* explosion8.mp3 in Resources */,
				0BDE481C2809E1D7000632E6 /* explosion5.mp3 in Resources */,
				FB52822A280B20F60036A6C5 /* BattleThemeIVLooping.mp3 in Resources */,
				FB52821F280946CC0036A6C5 /* Assets.xcassets in Resources */,
				0BDE48252809E400000632E6 /* splash2.mp3 in Resources */,
				0BDE48232809E400000632E6 /* splash1.mp3 in Resources */,
				0BDE481B2809E1D7000632E6 /* explosion1.mp3 in Resources */,
				FB52821D280946CB0036A6C5 /* Main.storyboard in Resources */,
				0BDE48182809E1D7000632E6 /* explosion9.mp3 in Resources */,
				0BDE481E2809E1D7000632E6 /* explosion6.mp3 in Resources */,
				0BDE481D2809E1D7000632E6 /* explosion7.mp3 in Resources */,
				0BDE48162809E1D7000632E6 /* explosion3.mp3 in Resources */,
				0BDE48172809E1D7000632E6 /* explosion4.mp3 in Resources */,
				0BDE48192809E1D7000632E6 /* explosion10.mp3 in Resources */,
				0BDE48262809E400000632E6 /* splash4.mp3 in Resources */,
			);
			runOnlyForDeploymentPostprocessing = 0;
		};
/* End PBXResourcesBuildPhase section */

/* Begin PBXSourcesBuildPhase section */
		FB52820E280946CB0036A6C5 /* Sources */ = {
			isa = PBXSourcesBuildPhase;
			buildActionMask = 2147483647;
			files = (
				373F285E2809F7DD00F4A083 /* LoginViewController.swift in Sources */,
				FB52821A280946CB0036A6C5 /* ViewController.swift in Sources */,
				FB528216280946CB0036A6C5 /* AppDelegate.swift in Sources */,
				0B69E39E280B2B1000BD455B /* TopPlayersViewController.swift in Sources */,
				FB528218280946CB0036A6C5 /* SceneDelegate.swift in Sources */,
				373F2865280A1FDC00F4A083 /* SignUpViewController.swift in Sources */,
			);
			runOnlyForDeploymentPostprocessing = 0;
		};
/* End PBXSourcesBuildPhase section */

/* Begin PBXVariantGroup section */
		FB52821B280946CB0036A6C5 /* Main.storyboard */ = {
			isa = PBXVariantGroup;
			children = (
				FB52821C280946CB0036A6C5 /* Base */,
			);
			name = Main.storyboard;
			sourceTree = "<group>";
		};
		FB528220280946CC0036A6C5 /* LaunchScreen.storyboard */ = {
			isa = PBXVariantGroup;
			children = (
				FB528221280946CC0036A6C5 /* Base */,
			);
			name = LaunchScreen.storyboard;
			sourceTree = "<group>";
		};
/* End PBXVariantGroup section */

/* Begin XCBuildConfiguration section */
		FB528224280946CC0036A6C5 /* Debug */ = {
			isa = XCBuildConfiguration;
			buildSettings = {
				ALWAYS_SEARCH_USER_PATHS = NO;
				CLANG_ANALYZER_NONNULL = YES;
				CLANG_ANALYZER_NUMBER_OBJECT_CONVERSION = YES_AGGRESSIVE;
				CLANG_CXX_LANGUAGE_STANDARD = "gnu++17";
				CLANG_CXX_LIBRARY = "libc++";
				CLANG_ENABLE_MODULES = YES;
				CLANG_ENABLE_OBJC_ARC = YES;
				CLANG_ENABLE_OBJC_WEAK = YES;
				CLANG_WARN_BLOCK_CAPTURE_AUTORELEASING = YES;
				CLANG_WARN_BOOL_CONVERSION = YES;
				CLANG_WARN_COMMA = YES;
				CLANG_WARN_CONSTANT_CONVERSION = YES;
				CLANG_WARN_DEPRECATED_OBJC_IMPLEMENTATIONS = YES;
				CLANG_WARN_DIRECT_OBJC_ISA_USAGE = YES_ERROR;
				CLANG_WARN_DOCUMENTATION_COMMENTS = YES;
				CLANG_WARN_EMPTY_BODY = YES;
				CLANG_WARN_ENUM_CONVERSION = YES;
				CLANG_WARN_INFINITE_RECURSION = YES;
				CLANG_WARN_INT_CONVERSION = YES;
				CLANG_WARN_NON_LITERAL_NULL_CONVERSION = YES;
				CLANG_WARN_OBJC_IMPLICIT_RETAIN_SELF = YES;
				CLANG_WARN_OBJC_LITERAL_CONVERSION = YES;
				CLANG_WARN_OBJC_ROOT_CLASS = YES_ERROR;
				CLANG_WARN_QUOTED_INCLUDE_IN_FRAMEWORK_HEADER = YES;
				CLANG_WARN_RANGE_LOOP_ANALYSIS = YES;
				CLANG_WARN_STRICT_PROTOTYPES = YES;
				CLANG_WARN_SUSPICIOUS_MOVE = YES;
				CLANG_WARN_UNGUARDED_AVAILABILITY = YES_AGGRESSIVE;
				CLANG_WARN_UNREACHABLE_CODE = YES;
				CLANG_WARN__DUPLICATE_METHOD_MATCH = YES;
				COPY_PHASE_STRIP = NO;
				DEBUG_INFORMATION_FORMAT = dwarf;
				ENABLE_STRICT_OBJC_MSGSEND = YES;
				ENABLE_TESTABILITY = YES;
				GCC_C_LANGUAGE_STANDARD = gnu11;
				GCC_DYNAMIC_NO_PIC = NO;
				GCC_NO_COMMON_BLOCKS = YES;
				GCC_OPTIMIZATION_LEVEL = 0;
				GCC_PREPROCESSOR_DEFINITIONS = (
					"DEBUG=1",
					"$(inherited)",
				);
				GCC_WARN_64_TO_32_BIT_CONVERSION = YES;
				GCC_WARN_ABOUT_RETURN_TYPE = YES_ERROR;
				GCC_WARN_UNDECLARED_SELECTOR = YES;
				GCC_WARN_UNINITIALIZED_AUTOS = YES_AGGRESSIVE;
				GCC_WARN_UNUSED_FUNCTION = YES;
				GCC_WARN_UNUSED_VARIABLE = YES;
				IPHONEOS_DEPLOYMENT_TARGET = 15.2;
				MTL_ENABLE_DEBUG_INFO = INCLUDE_SOURCE;
				MTL_FAST_MATH = YES;
				ONLY_ACTIVE_ARCH = YES;
				SDKROOT = iphoneos;
				SWIFT_ACTIVE_COMPILATION_CONDITIONS = DEBUG;
				SWIFT_OPTIMIZATION_LEVEL = "-Onone";
			};
			name = Debug;
		};
		FB528225280946CC0036A6C5 /* Release */ = {
			isa = XCBuildConfiguration;
			buildSettings = {
				ALWAYS_SEARCH_USER_PATHS = NO;
				CLANG_ANALYZER_NONNULL = YES;
				CLANG_ANALYZER_NUMBER_OBJECT_CONVERSION = YES_AGGRESSIVE;
				CLANG_CXX_LANGUAGE_STANDARD = "gnu++17";
				CLANG_CXX_LIBRARY = "libc++";
				CLANG_ENABLE_MODULES = YES;
				CLANG_ENABLE_OBJC_ARC = YES;
				CLANG_ENABLE_OBJC_WEAK = YES;
				CLANG_WARN_BLOCK_CAPTURE_AUTORELEASING = YES;
				CLANG_WARN_BOOL_CONVERSION = YES;
				CLANG_WARN_COMMA = YES;
				CLANG_WARN_CONSTANT_CONVERSION = YES;
				CLANG_WARN_DEPRECATED_OBJC_IMPLEMENTATIONS = YES;
				CLANG_WARN_DIRECT_OBJC_ISA_USAGE = YES_ERROR;
				CLANG_WARN_DOCUMENTATION_COMMENTS = YES;
				CLANG_WARN_EMPTY_BODY = YES;
				CLANG_WARN_ENUM_CONVERSION = YES;
				CLANG_WARN_INFINITE_RECURSION = YES;
				CLANG_WARN_INT_CONVERSION = YES;
				CLANG_WARN_NON_LITERAL_NULL_CONVERSION = YES;
				CLANG_WARN_OBJC_IMPLICIT_RETAIN_SELF = YES;
				CLANG_WARN_OBJC_LITERAL_CONVERSION = YES;
				CLANG_WARN_OBJC_ROOT_CLASS = YES_ERROR;
				CLANG_WARN_QUOTED_INCLUDE_IN_FRAMEWORK_HEADER = YES;
				CLANG_WARN_RANGE_LOOP_ANALYSIS = YES;
				CLANG_WARN_STRICT_PROTOTYPES = YES;
				CLANG_WARN_SUSPICIOUS_MOVE = YES;
				CLANG_WARN_UNGUARDED_AVAILABILITY = YES_AGGRESSIVE;
				CLANG_WARN_UNREACHABLE_CODE = YES;
				CLANG_WARN__DUPLICATE_METHOD_MATCH = YES;
				COPY_PHASE_STRIP = NO;
				DEBUG_INFORMATION_FORMAT = "dwarf-with-dsym";
				ENABLE_NS_ASSERTIONS = NO;
				ENABLE_STRICT_OBJC_MSGSEND = YES;
				GCC_C_LANGUAGE_STANDARD = gnu11;
				GCC_NO_COMMON_BLOCKS = YES;
				GCC_WARN_64_TO_32_BIT_CONVERSION = YES;
				GCC_WARN_ABOUT_RETURN_TYPE = YES_ERROR;
				GCC_WARN_UNDECLARED_SELECTOR = YES;
				GCC_WARN_UNINITIALIZED_AUTOS = YES_AGGRESSIVE;
				GCC_WARN_UNUSED_FUNCTION = YES;
				GCC_WARN_UNUSED_VARIABLE = YES;
				IPHONEOS_DEPLOYMENT_TARGET = 15.2;
				MTL_ENABLE_DEBUG_INFO = NO;
				MTL_FAST_MATH = YES;
				SDKROOT = iphoneos;
				SWIFT_COMPILATION_MODE = wholemodule;
				SWIFT_OPTIMIZATION_LEVEL = "-O";
				VALIDATE_PRODUCT = YES;
			};
			name = Release;
		};
		FB528227280946CC0036A6C5 /* Debug */ = {
			isa = XCBuildConfiguration;
			buildSettings = {
				ASSETCATALOG_COMPILER_APPICON_NAME = AppIcon;
				ASSETCATALOG_COMPILER_GLOBAL_ACCENT_COLOR_NAME = AccentColor;
				CODE_SIGN_STYLE = Automatic;
				CURRENT_PROJECT_VERSION = 1;
				DEVELOPMENT_TEAM = 637493265G;
				GENERATE_INFOPLIST_FILE = YES;
				INFOPLIST_FILE = "Battle Ship/Info.plist";
				INFOPLIST_KEY_UIApplicationSupportsIndirectInputEvents = YES;
				INFOPLIST_KEY_UILaunchStoryboardName = LaunchScreen;
				INFOPLIST_KEY_UIMainStoryboardFile = Main;
				INFOPLIST_KEY_UISupportedInterfaceOrientations = UIInterfaceOrientationPortrait;
				INFOPLIST_KEY_UISupportedInterfaceOrientations_iPad = "UIInterfaceOrientationPortrait UIInterfaceOrientationPortraitUpsideDown";
				INFOPLIST_KEY_UISupportedInterfaceOrientations_iPhone = "UIInterfaceOrientationPortrait UIInterfaceOrientationLandscapeLeft UIInterfaceOrientationLandscapeRight";
				LD_RUNPATH_SEARCH_PATHS = (
					"$(inherited)",
					"@executable_path/Frameworks",
				);
				MARKETING_VERSION = 1.0;
				PRODUCT_BUNDLE_IDENTIFIER = "com.example.thanhtrieu.Battle-Ship";
				PRODUCT_NAME = "$(TARGET_NAME)";
				SWIFT_EMIT_LOC_STRINGS = YES;
				SWIFT_VERSION = 5.0;
				TARGETED_DEVICE_FAMILY = 2;
			};
			name = Debug;
		};
		FB528228280946CC0036A6C5 /* Release */ = {
			isa = XCBuildConfiguration;
			buildSettings = {
				ASSETCATALOG_COMPILER_APPICON_NAME = AppIcon;
				ASSETCATALOG_COMPILER_GLOBAL_ACCENT_COLOR_NAME = AccentColor;
				CODE_SIGN_STYLE = Automatic;
				CURRENT_PROJECT_VERSION = 1;
				DEVELOPMENT_TEAM = 637493265G;
				GENERATE_INFOPLIST_FILE = YES;
				INFOPLIST_FILE = "Battle Ship/Info.plist";
				INFOPLIST_KEY_UIApplicationSupportsIndirectInputEvents = YES;
				INFOPLIST_KEY_UILaunchStoryboardName = LaunchScreen;
				INFOPLIST_KEY_UIMainStoryboardFile = Main;
				INFOPLIST_KEY_UISupportedInterfaceOrientations = UIInterfaceOrientationPortrait;
				INFOPLIST_KEY_UISupportedInterfaceOrientations_iPad = "UIInterfaceOrientationPortrait UIInterfaceOrientationPortraitUpsideDown";
				INFOPLIST_KEY_UISupportedInterfaceOrientations_iPhone = "UIInterfaceOrientationPortrait UIInterfaceOrientationLandscapeLeft UIInterfaceOrientationLandscapeRight";
				LD_RUNPATH_SEARCH_PATHS = (
					"$(inherited)",
					"@executable_path/Frameworks",
				);
				MARKETING_VERSION = 1.0;
				PRODUCT_BUNDLE_IDENTIFIER = "com.example.thanhtrieu.Battle-Ship";
				PRODUCT_NAME = "$(TARGET_NAME)";
				SWIFT_EMIT_LOC_STRINGS = YES;
				SWIFT_VERSION = 5.0;
				TARGETED_DEVICE_FAMILY = 2;
			};
			name = Release;
		};
/* End XCBuildConfiguration section */

/* Begin XCConfigurationList section */
		FB52820D280946CB0036A6C5 /* Build configuration list for PBXProject "Battle Ship" */ = {
			isa = XCConfigurationList;
			buildConfigurations = (
				FB528224280946CC0036A6C5 /* Debug */,
				FB528225280946CC0036A6C5 /* Release */,
			);
			defaultConfigurationIsVisible = 0;
			defaultConfigurationName = Release;
		};
		FB528226280946CC0036A6C5 /* Build configuration list for PBXNativeTarget "Battle Ship" */ = {
			isa = XCConfigurationList;
			buildConfigurations = (
				FB528227280946CC0036A6C5 /* Debug */,
				FB528228280946CC0036A6C5 /* Release */,
			);
			defaultConfigurationIsVisible = 0;
			defaultConfigurationName = Release;
		};
/* End XCConfigurationList section */

/* Begin XCRemoteSwiftPackageReference section */
		373F2861280A093E00F4A083 /* XCRemoteSwiftPackageReference "firebase-ios-sdk" */ = {
			isa = XCRemoteSwiftPackageReference;
			repositoryURL = "https://github.com/firebase/firebase-ios-sdk";
			requirement = {
				branch = master;
				kind = branch;
			};
		};
/* End XCRemoteSwiftPackageReference section */

/* Begin XCSwiftPackageProductDependency section */
		FB52822C280B39110036A6C5 /* FirebaseAuth */ = {
			isa = XCSwiftPackageProductDependency;
			package = 373F2861280A093E00F4A083 /* XCRemoteSwiftPackageReference "firebase-ios-sdk" */;
			productName = FirebaseAuth;
		};
		FB52822E280B391E0036A6C5 /* FirebaseDatabase */ = {
			isa = XCSwiftPackageProductDependency;
			package = 373F2861280A093E00F4A083 /* XCRemoteSwiftPackageReference "firebase-ios-sdk" */;
			productName = FirebaseDatabase;
		};
/* End XCSwiftPackageProductDependency section */
	};
	rootObject = FB52820A280946CB0036A6C5 /* Project object */;
}
